
Microsoft Visual Studio Solution File, Format Version 12.00
# Visual Studio Version 17
VisualStudioVersion = 17.3.32825.248
MinimumVisualStudioVersion = 10.0.40219.1
Project("{FAE04EC0-301F-11D3-BF4B-00C04F79EFBC}") = "EducaciontItSabados", "EducaciontItSabados\EducaciontItSabados.csproj", "{C67DA65C-395F-489C-835D-523AA5CCF3EF}"
EndProject
Global
	GlobalSection(SolutionConfigurationPlatforms) = preSolution
		Debug|Any CPU = Debug|Any CPU
		Release|Any CPU = Release|Any CPU
	EndGlobalSection
	GlobalSection(ProjectConfigurationPlatforms) = postSolution
		{C67DA65C-395F-489C-835D-523AA5CCF3EF}.Debug|Any CPU.ActiveCfg = Debug|Any CPU
		{C67DA65C-395F-489C-835D-523AA5CCF3EF}.Debug|Any CPU.Build.0 = Debug|Any CPU
		{C67DA65C-395F-489C-835D-523AA5CCF3EF}.Release|Any CPU.ActiveCfg = Release|Any CPU
		{C67DA65C-395F-489C-835D-523AA5CCF3EF}.Release|Any CPU.Build.0 = Release|Any CPU
	EndGlobalSection
	GlobalSection(SolutionProperties) = preSolution
		HideSolutionNode = FALSE
	EndGlobalSection
	GlobalSection(ExtensibilityGlobals) = postSolution
		SolutionGuid = {390F536B-8A86-4326-B5B9-425F38029F30}
	EndGlobalSection
EndGlobal
